{
  "name": "init-sudoku2t",
  "lockfileVersion": 3,
  "requires": true,
  "packages": {
    "": {
      "name": "init-sudoku2t",
      "workspaces": [
        "packages/contracts",
        "packages/backend",
        "packages/frontend",
        "packages/contracts"
      ]
    },
    "node_modules/@init-sudoku2t/backend": {
      "resolved": "packages/backend",
      "link": true
    },
    "node_modules/@init-sudoku2t/contracts": {
      "resolved": "packages/contracts",
      "link": true
    },
    "node_modules/@init-sudoku2t/frontend": {
      "resolved": "packages/frontend",
      "link": true
    },
    "packages/backend": {
      "name": "@init-sudoku2t/backend",
      "version": "0.0.0",
      "dependencies": {
        "@init-sudoku2t/contracts": "*"
      }
    },
    "packages/contracts": {
      "name": "@init-sudoku2t/contracts",
      "version": "0.0.0",
      "dependencies": {
        "@init-sudoku2t/contracts": "*"
      }
    },
    "packages/frontend": {
      "name": "@init-sudoku2t/frontend",
      "version": "0.0.0",
      "dependencies": {
        "@init-sudoku2t/contracts": "*"
      }
    }
  }
}
